
Microsoft Visual Studio Solution File, Format Version 12.00
# Visual Studio 14
VisualStudioVersion = 14.0.25420.1
MinimumVisualStudioVersion = 10.0.40219.1
Project("{8BB2217D-0F2D-49D1-97BC-3654ED321F3B}") = "STodoLib", "STodoLib\STodoLib.xproj", "{AB409019-994F-4460-9851-8981C98CB89C}"
EndProject
Project("{8BB2217D-0F2D-49D1-97BC-3654ED321F3B}") = "STodoLib.Test", "STodoLib.Test\STodoLib.Test.xproj", "{6CB59D92-836D-48C9-BB5C-9BAF0F4A777D}"
EndProject
Project("{FAE04EC0-301F-11D3-BF4B-00C04F79EFBC}") = "STodoApp.Droid", "STodoApp\STodoApp.Droid\STodoApp.Droid.csproj", "{6F9F9D4D-5DE8-44DC-A8CA-55A97735F62E}"
EndProject
Project("{FAE04EC0-301F-11D3-BF4B-00C04F79EFBC}") = "STodoApp.iOS", "STodoApp\STodoApp.iOS\STodoApp.iOS.csproj", "{5E679331-4390-45AE-AF42-8493BE1BCF42}"
EndProject
Project("{FAE04EC0-301F-11D3-BF4B-00C04F79EFBC}") = "STodoApp.WinPhone", "STodoApp\STodoApp.WinPhone\STodoApp.WinPhone.csproj", "{62A10AF8-7BC7-4867-91CC-6F65DD4A1468}"
EndProject
Project("{FAE04EC0-301F-11D3-BF4B-00C04F79EFBC}") = "STodoApp.UWP", "STodoApp\STodoApp.UWP\STodoApp.UWP.csproj", "{F15B8824-0E70-4269-8A4F-3DAB4BE5F953}"
EndProject
Project("{FAE04EC0-301F-11D3-BF4B-00C04F79EFBC}") = "STodoApp.Windows", "STodoApp\STodoApp.Windows\STodoApp.Windows.csproj", "{80149236-C7B9-43DD-82FA-E3A964931749}"
EndProject
Project("{FAE04EC0-301F-11D3-BF4B-00C04F79EFBC}") = "STodoApp", "STodoApp\STodoApp\STodoApp.csproj", "{89DA3644-183E-4C1A-8CC0-9A71E7688EA6}"
EndProject
Global
	GlobalSection(SolutionConfigurationPlatforms) = preSolution
		Ad-Hoc|Any CPU = Ad-Hoc|Any CPU
		Ad-Hoc|ARM = Ad-Hoc|ARM
		Ad-Hoc|iPhone = Ad-Hoc|iPhone
		Ad-Hoc|iPhoneSimulator = Ad-Hoc|iPhoneSimulator
		Ad-Hoc|x64 = Ad-Hoc|x64
		Ad-Hoc|x86 = Ad-Hoc|x86
		AppStore|Any CPU = AppStore|Any CPU
		AppStore|ARM = AppStore|ARM
		AppStore|iPhone = AppStore|iPhone
		AppStore|iPhoneSimulator = AppStore|iPhoneSimulator
		AppStore|x64 = AppStore|x64
		AppStore|x86 = AppStore|x86
		Debug|Any CPU = Debug|Any CPU
		Debug|ARM = Debug|ARM
		Debug|iPhone = Debug|iPhone
		Debug|iPhoneSimulator = Debug|iPhoneSimulator
		Debug|x64 = Debug|x64
		Debug|x86 = Debug|x86
		Release|Any CPU = Release|Any CPU
		Release|ARM = Release|ARM
		Release|iPhone = Release|iPhone
		Release|iPhoneSimulator = Release|iPhoneSimulator
		Release|x64 = Release|x64
		Release|x86 = Release|x86
	EndGlobalSection
	GlobalSection(ProjectConfigurationPlatforms) = postSolution
		{AB409019-994F-4460-9851-8981C98CB89C}.Ad-Hoc|Any CPU.ActiveCfg = Release|Any CPU
		{AB409019-994F-4460-9851-8981C98CB89C}.Ad-Hoc|Any CPU.Build.0 = Release|Any CPU
		{AB409019-994F-4460-9851-8981C98CB89C}.Ad-Hoc|ARM.ActiveCfg = Release|Any CPU
		{AB409019-994F-4460-9851-8981C98CB89C}.Ad-Hoc|ARM.Build.0 = Release|Any CPU
		{AB409019-994F-4460-9851-8981C98CB89C}.Ad-Hoc|iPhone.ActiveCfg = Release|Any CPU
		{AB409019-994F-4460-9851-8981C98CB89C}.Ad-Hoc|iPhone.Build.0 = Release|Any CPU
		{AB409019-994F-4460-9851-8981C98CB89C}.Ad-Hoc|iPhoneSimulator.ActiveCfg = Release|Any CPU
		{AB409019-994F-4460-9851-8981C98CB89C}.Ad-Hoc|iPhoneSimulator.Build.0 = Release|Any CPU
		{AB409019-994F-4460-9851-8981C98CB89C}.Ad-Hoc|x64.ActiveCfg = Release|Any CPU
		{AB409019-994F-4460-9851-8981C98CB89C}.Ad-Hoc|x64.Build.0 = Release|Any CPU
		{AB409019-994F-4460-9851-8981C98CB89C}.Ad-Hoc|x86.ActiveCfg = Release|Any CPU
		{AB409019-994F-4460-9851-8981C98CB89C}.Ad-Hoc|x86.Build.0 = Release|Any CPU
		{AB409019-994F-4460-9851-8981C98CB89C}.AppStore|Any CPU.ActiveCfg = Release|Any CPU
		{AB409019-994F-4460-9851-8981C98CB89C}.AppStore|Any CPU.Build.0 = Release|Any CPU
		{AB409019-994F-4460-9851-8981C98CB89C}.AppStore|ARM.ActiveCfg = Release|Any CPU
		{AB409019-994F-4460-9851-8981C98CB89C}.AppStore|ARM.Build.0 = Release|Any CPU
		{AB409019-994F-4460-9851-8981C98CB89C}.AppStore|iPhone.ActiveCfg = Release|Any CPU
		{AB409019-994F-4460-9851-8981C98CB89C}.AppStore|iPhone.Build.0 = Release|Any CPU
		{AB409019-994F-4460-9851-8981C98CB89C}.AppStore|iPhoneSimulator.ActiveCfg = Release|Any CPU
		{AB409019-994F-4460-9851-8981C98CB89C}.AppStore|iPhoneSimulator.Build.0 = Release|Any CPU
		{AB409019-994F-4460-9851-8981C98CB89C}.AppStore|x64.ActiveCfg = Release|Any CPU
		{AB409019-994F-4460-9851-8981C98CB89C}.AppStore|x64.Build.0 = Release|Any CPU
		{AB409019-994F-4460-9851-8981C98CB89C}.AppStore|x86.ActiveCfg = Release|Any CPU
		{AB409019-994F-4460-9851-8981C98CB89C}.AppStore|x86.Build.0 = Release|Any CPU
		{AB409019-994F-4460-9851-8981C98CB89C}.Debug|Any CPU.ActiveCfg = Debug|Any CPU
		{AB409019-994F-4460-9851-8981C98CB89C}.Debug|Any CPU.Build.0 = Debug|Any CPU
		{AB409019-994F-4460-9851-8981C98CB89C}.Debug|ARM.ActiveCfg = Debug|Any CPU
		{AB409019-994F-4460-9851-8981C98CB89C}.Debug|ARM.Build.0 = Debug|Any CPU
		{AB409019-994F-4460-9851-8981C98CB89C}.Debug|iPhone.ActiveCfg = Debug|Any CPU
		{AB409019-994F-4460-9851-8981C98CB89C}.Debug|iPhone.Build.0 = Debug|Any CPU
		{AB409019-994F-4460-9851-8981C98CB89C}.Debug|iPhoneSimulator.ActiveCfg = Debug|Any CPU
		{AB409019-994F-4460-9851-8981C98CB89C}.Debug|iPhoneSimulator.Build.0 = Debug|Any CPU
		{AB409019-994F-4460-9851-8981C98CB89C}.Debug|x64.ActiveCfg = Debug|Any CPU
		{AB409019-994F-4460-9851-8981C98CB89C}.Debug|x64.Build.0 = Debug|Any CPU
		{AB409019-994F-4460-9851-8981C98CB89C}.Debug|x86.ActiveCfg = Debug|Any CPU
		{AB409019-994F-4460-9851-8981C98CB89C}.Debug|x86.Build.0 = Debug|Any CPU
		{AB409019-994F-4460-9851-8981C98CB89C}.Release|Any CPU.ActiveCfg = Release|Any CPU
		{AB409019-994F-4460-9851-8981C98CB89C}.Release|Any CPU.Build.0 = Release|Any CPU
		{AB409019-994F-4460-9851-8981C98CB89C}.Release|ARM.ActiveCfg = Release|Any CPU
		{AB409019-994F-4460-9851-8981C98CB89C}.Release|ARM.Build.0 = Release|Any CPU
		{AB409019-994F-4460-9851-8981C98CB89C}.Release|iPhone.ActiveCfg = Release|Any CPU
		{AB409019-994F-4460-9851-8981C98CB89C}.Release|iPhone.Build.0 = Release|Any CPU
		{AB409019-994F-4460-9851-8981C98CB89C}.Release|iPhoneSimulator.ActiveCfg = Release|Any CPU
		{AB409019-994F-4460-9851-8981C98CB89C}.Release|iPhoneSimulator.Build.0 = Release|Any CPU
		{AB409019-994F-4460-9851-8981C98CB89C}.Release|x64.ActiveCfg = Release|Any CPU
		{AB409019-994F-4460-9851-8981C98CB89C}.Release|x64.Build.0 = Release|Any CPU
		{AB409019-994F-4460-9851-8981C98CB89C}.Release|x86.ActiveCfg = Release|Any CPU
		{AB409019-994F-4460-9851-8981C98CB89C}.Release|x86.Build.0 = Release|Any CPU
		{6CB59D92-836D-48C9-BB5C-9BAF0F4A777D}.Ad-Hoc|Any CPU.ActiveCfg = Release|Any CPU
		{6CB59D92-836D-48C9-BB5C-9BAF0F4A777D}.Ad-Hoc|Any CPU.Build.0 = Release|Any CPU
		{6CB59D92-836D-48C9-BB5C-9BAF0F4A777D}.Ad-Hoc|ARM.ActiveCfg = Release|Any CPU
		{6CB59D92-836D-48C9-BB5C-9BAF0F4A777D}.Ad-Hoc|ARM.Build.0 = Release|Any CPU
		{6CB59D92-836D-48C9-BB5C-9BAF0F4A777D}.Ad-Hoc|iPhone.ActiveCfg = Release|Any CPU
		{6CB59D92-836D-48C9-BB5C-9BAF0F4A777D}.Ad-Hoc|iPhone.Build.0 = Release|Any CPU
		{6CB59D92-836D-48C9-BB5C-9BAF0F4A777D}.Ad-Hoc|iPhoneSimulator.ActiveCfg = Release|Any CPU
		{6CB59D92-836D-48C9-BB5C-9BAF0F4A777D}.Ad-Hoc|iPhoneSimulator.Build.0 = Release|Any CPU
		{6CB59D92-836D-48C9-BB5C-9BAF0F4A777D}.Ad-Hoc|x64.ActiveCfg = Release|Any CPU
		{6CB59D92-836D-48C9-BB5C-9BAF0F4A777D}.Ad-Hoc|x64.Build.0 = Release|Any CPU
		{6CB59D92-836D-48C9-BB5C-9BAF0F4A777D}.Ad-Hoc|x86.ActiveCfg = Release|Any CPU
		{6CB59D92-836D-48C9-BB5C-9BAF0F4A777D}.Ad-Hoc|x86.Build.0 = Release|Any CPU
		{6CB59D92-836D-48C9-BB5C-9BAF0F4A777D}.AppStore|Any CPU.ActiveCfg = Release|Any CPU
		{6CB59D92-836D-48C9-BB5C-9BAF0F4A777D}.AppStore|Any CPU.Build.0 = Release|Any CPU
		{6CB59D92-836D-48C9-BB5C-9BAF0F4A777D}.AppStore|ARM.ActiveCfg = Release|Any CPU
		{6CB59D92-836D-48C9-BB5C-9BAF0F4A777D}.AppStore|ARM.Build.0 = Release|Any CPU
		{6CB59D92-836D-48C9-BB5C-9BAF0F4A777D}.AppStore|iPhone.ActiveCfg = Release|Any CPU
		{6CB59D92-836D-48C9-BB5C-9BAF0F4A777D}.AppStore|iPhone.Build.0 = Release|Any CPU
		{6CB59D92-836D-48C9-BB5C-9BAF0F4A777D}.AppStore|iPhoneSimulator.ActiveCfg = Release|Any CPU
		{6CB59D92-836D-48C9-BB5C-9BAF0F4A777D}.AppStore|iPhoneSimulator.Build.0 = Release|Any CPU
		{6CB59D92-836D-48C9-BB5C-9BAF0F4A777D}.AppStore|x64.ActiveCfg = Release|Any CPU
		{6CB59D92-836D-48C9-BB5C-9BAF0F4A777D}.AppStore|x64.Build.0 = Release|Any CPU
		{6CB59D92-836D-48C9-BB5C-9BAF0F4A777D}.AppStore|x86.ActiveCfg = Release|Any CPU
		{6CB59D92-836D-48C9-BB5C-9BAF0F4A777D}.AppStore|x86.Build.0 = Release|Any CPU
		{6CB59D92-836D-48C9-BB5C-9BAF0F4A777D}.Debug|Any CPU.ActiveCfg = Debug|Any CPU
		{6CB59D92-836D-48C9-BB5C-9BAF0F4A777D}.Debug|Any CPU.Build.0 = Debug|Any CPU
		{6CB59D92-836D-48C9-BB5C-9BAF0F4A777D}.Debug|ARM.ActiveCfg = Debug|Any CPU
		{6CB59D92-836D-48C9-BB5C-9BAF0F4A777D}.Debug|ARM.Build.0 = Debug|Any CPU
		{6CB59D92-836D-48C9-BB5C-9BAF0F4A777D}.Debug|iPhone.ActiveCfg = Debug|Any CPU
		{6CB59D92-836D-48C9-BB5C-9BAF0F4A777D}.Debug|iPhone.Build.0 = Debug|Any CPU
		{6CB59D92-836D-48C9-BB5C-9BAF0F4A777D}.Debug|iPhoneSimulator.ActiveCfg = Debug|Any CPU
		{6CB59D92-836D-48C9-BB5C-9BAF0F4A777D}.Debug|iPhoneSimulator.Build.0 = Debug|Any CPU
		{6CB59D92-836D-48C9-BB5C-9BAF0F4A777D}.Debug|x64.ActiveCfg = Debug|Any CPU
		{6CB59D92-836D-48C9-BB5C-9BAF0F4A777D}.Debug|x64.Build.0 = Debug|Any CPU
		{6CB59D92-836D-48C9-BB5C-9BAF0F4A777D}.Debug|x86.ActiveCfg = Debug|Any CPU
		{6CB59D92-836D-48C9-BB5C-9BAF0F4A777D}.Debug|x86.Build.0 = Debug|Any CPU
		{6CB59D92-836D-48C9-BB5C-9BAF0F4A777D}.Release|Any CPU.ActiveCfg = Release|Any CPU
		{6CB59D92-836D-48C9-BB5C-9BAF0F4A777D}.Release|Any CPU.Build.0 = Release|Any CPU
		{6CB59D92-836D-48C9-BB5C-9BAF0F4A777D}.Release|ARM.ActiveCfg = Release|Any CPU
		{6CB59D92-836D-48C9-BB5C-9BAF0F4A777D}.Release|ARM.Build.0 = Release|Any CPU
		{6CB59D92-836D-48C9-BB5C-9BAF0F4A777D}.Release|iPhone.ActiveCfg = Release|Any CPU
		{6CB59D92-836D-48C9-BB5C-9BAF0F4A777D}.Release|iPhone.Build.0 = Release|Any CPU
		{6CB59D92-836D-48C9-BB5C-9BAF0F4A777D}.Release|iPhoneSimulator.ActiveCfg = Release|Any CPU
		{6CB59D92-836D-48C9-BB5C-9BAF0F4A777D}.Release|iPhoneSimulator.Build.0 = Release|Any CPU
		{6CB59D92-836D-48C9-BB5C-9BAF0F4A777D}.Release|x64.ActiveCfg = Release|Any CPU
		{6CB59D92-836D-48C9-BB5C-9BAF0F4A777D}.Release|x64.Build.0 = Release|Any CPU
		{6CB59D92-836D-48C9-BB5C-9BAF0F4A777D}.Release|x86.ActiveCfg = Release|Any CPU
		{6CB59D92-836D-48C9-BB5C-9BAF0F4A777D}.Release|x86.Build.0 = Release|Any CPU
		{6F9F9D4D-5DE8-44DC-A8CA-55A97735F62E}.Ad-Hoc|Any CPU.ActiveCfg = Release|Any CPU
		{6F9F9D4D-5DE8-44DC-A8CA-55A97735F62E}.Ad-Hoc|Any CPU.Build.0 = Release|Any CPU
		{6F9F9D4D-5DE8-44DC-A8CA-55A97735F62E}.Ad-Hoc|Any CPU.Deploy.0 = Release|Any CPU
		{6F9F9D4D-5DE8-44DC-A8CA-55A97735F62E}.Ad-Hoc|ARM.ActiveCfg = Release|Any CPU
		{6F9F9D4D-5DE8-44DC-A8CA-55A97735F62E}.Ad-Hoc|ARM.Build.0 = Release|Any CPU
		{6F9F9D4D-5DE8-44DC-A8CA-55A97735F62E}.Ad-Hoc|ARM.Deploy.0 = Release|Any CPU
		{6F9F9D4D-5DE8-44DC-A8CA-55A97735F62E}.Ad-Hoc|iPhone.ActiveCfg = Release|Any CPU
		{6F9F9D4D-5DE8-44DC-A8CA-55A97735F62E}.Ad-Hoc|iPhone.Build.0 = Release|Any CPU
		{6F9F9D4D-5DE8-44DC-A8CA-55A97735F62E}.Ad-Hoc|iPhone.Deploy.0 = Release|Any CPU
		{6F9F9D4D-5DE8-44DC-A8CA-55A97735F62E}.Ad-Hoc|iPhoneSimulator.ActiveCfg = Release|Any CPU
		{6F9F9D4D-5DE8-44DC-A8CA-55A97735F62E}.Ad-Hoc|iPhoneSimulator.Build.0 = Release|Any CPU
		{6F9F9D4D-5DE8-44DC-A8CA-55A97735F62E}.Ad-Hoc|iPhoneSimulator.Deploy.0 = Release|Any CPU
		{6F9F9D4D-5DE8-44DC-A8CA-55A97735F62E}.Ad-Hoc|x64.ActiveCfg = Release|Any CPU
		{6F9F9D4D-5DE8-44DC-A8CA-55A97735F62E}.Ad-Hoc|x64.Build.0 = Release|Any CPU
		{6F9F9D4D-5DE8-44DC-A8CA-55A97735F62E}.Ad-Hoc|x64.Deploy.0 = Release|Any CPU
		{6F9F9D4D-5DE8-44DC-A8CA-55A97735F62E}.Ad-Hoc|x86.ActiveCfg = Release|Any CPU
		{6F9F9D4D-5DE8-44DC-A8CA-55A97735F62E}.Ad-Hoc|x86.Build.0 = Release|Any CPU
		{6F9F9D4D-5DE8-44DC-A8CA-55A97735F62E}.Ad-Hoc|x86.Deploy.0 = Release|Any CPU
		{6F9F9D4D-5DE8-44DC-A8CA-55A97735F62E}.AppStore|Any CPU.ActiveCfg = Release|Any CPU
		{6F9F9D4D-5DE8-44DC-A8CA-55A97735F62E}.AppStore|Any CPU.Build.0 = Release|Any CPU
		{6F9F9D4D-5DE8-44DC-A8CA-55A97735F62E}.AppStore|Any CPU.Deploy.0 = Release|Any CPU
		{6F9F9D4D-5DE8-44DC-A8CA-55A97735F62E}.AppStore|ARM.ActiveCfg = Release|Any CPU
		{6F9F9D4D-5DE8-44DC-A8CA-55A97735F62E}.AppStore|ARM.Build.0 = Release|Any CPU
		{6F9F9D4D-5DE8-44DC-A8CA-55A97735F62E}.AppStore|ARM.Deploy.0 = Release|Any CPU
		{6F9F9D4D-5DE8-44DC-A8CA-55A97735F62E}.AppStore|iPhone.ActiveCfg = Release|Any CPU
		{6F9F9D4D-5DE8-44DC-A8CA-55A97735F62E}.AppStore|iPhone.Build.0 = Release|Any CPU
		{6F9F9D4D-5DE8-44DC-A8CA-55A97735F62E}.AppStore|iPhone.Deploy.0 = Release|Any CPU
		{6F9F9D4D-5DE8-44DC-A8CA-55A97735F62E}.AppStore|iPhoneSimulator.ActiveCfg = Release|Any CPU
		{6F9F9D4D-5DE8-44DC-A8CA-55A97735F62E}.AppStore|iPhoneSimulator.Build.0 = Release|Any CPU
		{6F9F9D4D-5DE8-44DC-A8CA-55A97735F62E}.AppStore|iPhoneSimulator.Deploy.0 = Release|Any CPU
		{6F9F9D4D-5DE8-44DC-A8CA-55A97735F62E}.AppStore|x64.ActiveCfg = Release|Any CPU
		{6F9F9D4D-5DE8-44DC-A8CA-55A97735F62E}.AppStore|x64.Build.0 = Release|Any CPU
		{6F9F9D4D-5DE8-44DC-A8CA-55A97735F62E}.AppStore|x64.Deploy.0 = Release|Any CPU
		{6F9F9D4D-5DE8-44DC-A8CA-55A97735F62E}.AppStore|x86.ActiveCfg = Release|Any CPU
		{6F9F9D4D-5DE8-44DC-A8CA-55A97735F62E}.AppStore|x86.Build.0 = Release|Any CPU
		{6F9F9D4D-5DE8-44DC-A8CA-55A97735F62E}.AppStore|x86.Deploy.0 = Release|Any CPU
		{6F9F9D4D-5DE8-44DC-A8CA-55A97735F62E}.Debug|Any CPU.ActiveCfg = Debug|Any CPU
		{6F9F9D4D-5DE8-44DC-A8CA-55A97735F62E}.Debug|Any CPU.Build.0 = Debug|Any CPU
		{6F9F9D4D-5DE8-44DC-A8CA-55A97735F62E}.Debug|Any CPU.Deploy.0 = Debug|Any CPU
		{6F9F9D4D-5DE8-44DC-A8CA-55A97735F62E}.Debug|ARM.ActiveCfg = Debug|Any CPU
		{6F9F9D4D-5DE8-44DC-A8CA-55A97735F62E}.Debug|ARM.Build.0 = Debug|Any CPU
		{6F9F9D4D-5DE8-44DC-A8CA-55A97735F62E}.Debug|ARM.Deploy.0 = Debug|Any CPU
		{6F9F9D4D-5DE8-44DC-A8CA-55A97735F62E}.Debug|iPhone.ActiveCfg = Debug|Any CPU
		{6F9F9D4D-5DE8-44DC-A8CA-55A97735F62E}.Debug|iPhone.Build.0 = Debug|Any CPU
		{6F9F9D4D-5DE8-44DC-A8CA-55A97735F62E}.Debug|iPhone.Deploy.0 = Debug|Any CPU
		{6F9F9D4D-5DE8-44DC-A8CA-55A97735F62E}.Debug|iPhoneSimulator.ActiveCfg = Debug|Any CPU
		{6F9F9D4D-5DE8-44DC-A8CA-55A97735F62E}.Debug|iPhoneSimulator.Build.0 = Debug|Any CPU
		{6F9F9D4D-5DE8-44DC-A8CA-55A97735F62E}.Debug|iPhoneSimulator.Deploy.0 = Debug|Any CPU
		{6F9F9D4D-5DE8-44DC-A8CA-55A97735F62E}.Debug|x64.ActiveCfg = Debug|Any CPU
		{6F9F9D4D-5DE8-44DC-A8CA-55A97735F62E}.Debug|x64.Build.0 = Debug|Any CPU
		{6F9F9D4D-5DE8-44DC-A8CA-55A97735F62E}.Debug|x64.Deploy.0 = Debug|Any CPU
		{6F9F9D4D-5DE8-44DC-A8CA-55A97735F62E}.Debug|x86.ActiveCfg = Debug|Any CPU
		{6F9F9D4D-5DE8-44DC-A8CA-55A97735F62E}.Debug|x86.Build.0 = Debug|Any CPU
		{6F9F9D4D-5DE8-44DC-A8CA-55A97735F62E}.Debug|x86.Deploy.0 = Debug|Any CPU
		{6F9F9D4D-5DE8-44DC-A8CA-55A97735F62E}.Release|Any CPU.ActiveCfg = Release|Any CPU
		{6F9F9D4D-5DE8-44DC-A8CA-55A97735F62E}.Release|Any CPU.Build.0 = Release|Any CPU
		{6F9F9D4D-5DE8-44DC-A8CA-55A97735F62E}.Release|Any CPU.Deploy.0 = Release|Any CPU
		{6F9F9D4D-5DE8-44DC-A8CA-55A97735F62E}.Release|ARM.ActiveCfg = Release|Any CPU
		{6F9F9D4D-5DE8-44DC-A8CA-55A97735F62E}.Release|ARM.Build.0 = Release|Any CPU
		{6F9F9D4D-5DE8-44DC-A8CA-55A97735F62E}.Release|ARM.Deploy.0 = Release|Any CPU
		{6F9F9D4D-5DE8-44DC-A8CA-55A97735F62E}.Release|iPhone.ActiveCfg = Release|Any CPU
		{6F9F9D4D-5DE8-44DC-A8CA-55A97735F62E}.Release|iPhone.Build.0 = Release|Any CPU
		{6F9F9D4D-5DE8-44DC-A8CA-55A97735F62E}.Release|iPhone.Deploy.0 = Release|Any CPU
		{6F9F9D4D-5DE8-44DC-A8CA-55A97735F62E}.Release|iPhoneSimulator.ActiveCfg = Release|Any CPU
		{6F9F9D4D-5DE8-44DC-A8CA-55A97735F62E}.Release|iPhoneSimulator.Build.0 = Release|Any CPU
		{6F9F9D4D-5DE8-44DC-A8CA-55A97735F62E}.Release|iPhoneSimulator.Deploy.0 = Release|Any CPU
		{6F9F9D4D-5DE8-44DC-A8CA-55A97735F62E}.Release|x64.ActiveCfg = Release|Any CPU
		{6F9F9D4D-5DE8-44DC-A8CA-55A97735F62E}.Release|x64.Build.0 = Release|Any CPU
		{6F9F9D4D-5DE8-44DC-A8CA-55A97735F62E}.Release|x64.Deploy.0 = Release|Any CPU
		{6F9F9D4D-5DE8-44DC-A8CA-55A97735F62E}.Release|x86.ActiveCfg = Release|Any CPU
		{6F9F9D4D-5DE8-44DC-A8CA-55A97735F62E}.Release|x86.Build.0 = Release|Any CPU
		{6F9F9D4D-5DE8-44DC-A8CA-55A97735F62E}.Release|x86.Deploy.0 = Release|Any CPU
		{5E679331-4390-45AE-AF42-8493BE1BCF42}.Ad-Hoc|Any CPU.ActiveCfg = Ad-Hoc|iPhone
		{5E679331-4390-45AE-AF42-8493BE1BCF42}.Ad-Hoc|ARM.ActiveCfg = Ad-Hoc|iPhone
		{5E679331-4390-45AE-AF42-8493BE1BCF42}.Ad-Hoc|iPhone.ActiveCfg = Ad-Hoc|iPhone
		{5E679331-4390-45AE-AF42-8493BE1BCF42}.Ad-Hoc|iPhone.Build.0 = Ad-Hoc|iPhone
		{5E679331-4390-45AE-AF42-8493BE1BCF42}.Ad-Hoc|iPhoneSimulator.ActiveCfg = Ad-Hoc|iPhoneSimulator
		{5E679331-4390-45AE-AF42-8493BE1BCF42}.Ad-Hoc|iPhoneSimulator.Build.0 = Ad-Hoc|iPhoneSimulator
		{5E679331-4390-45AE-AF42-8493BE1BCF42}.Ad-Hoc|x64.ActiveCfg = Ad-Hoc|iPhone
		{5E679331-4390-45AE-AF42-8493BE1BCF42}.Ad-Hoc|x86.ActiveCfg = Ad-Hoc|iPhone
		{5E679331-4390-45AE-AF42-8493BE1BCF42}.AppStore|Any CPU.ActiveCfg = AppStore|iPhone
		{5E679331-4390-45AE-AF42-8493BE1BCF42}.AppStore|ARM.ActiveCfg = AppStore|iPhone
		{5E679331-4390-45AE-AF42-8493BE1BCF42}.AppStore|iPhone.ActiveCfg = AppStore|iPhone
		{5E679331-4390-45AE-AF42-8493BE1BCF42}.AppStore|iPhone.Build.0 = AppStore|iPhone
		{5E679331-4390-45AE-AF42-8493BE1BCF42}.AppStore|iPhoneSimulator.ActiveCfg = AppStore|iPhoneSimulator
		{5E679331-4390-45AE-AF42-8493BE1BCF42}.AppStore|iPhoneSimulator.Build.0 = AppStore|iPhoneSimulator
		{5E679331-4390-45AE-AF42-8493BE1BCF42}.AppStore|x64.ActiveCfg = AppStore|iPhone
		{5E679331-4390-45AE-AF42-8493BE1BCF42}.AppStore|x86.ActiveCfg = AppStore|iPhone
		{5E679331-4390-45AE-AF42-8493BE1BCF42}.Debug|Any CPU.ActiveCfg = Debug|iPhone
		{5E679331-4390-45AE-AF42-8493BE1BCF42}.Debug|ARM.ActiveCfg = Debug|iPhone
		{5E679331-4390-45AE-AF42-8493BE1BCF42}.Debug|iPhone.ActiveCfg = Debug|iPhone
		{5E679331-4390-45AE-AF42-8493BE1BCF42}.Debug|iPhone.Build.0 = Debug|iPhone
		{5E679331-4390-45AE-AF42-8493BE1BCF42}.Debug|iPhoneSimulator.ActiveCfg = Debug|iPhoneSimulator
		{5E679331-4390-45AE-AF42-8493BE1BCF42}.Debug|iPhoneSimulator.Build.0 = Debug|iPhoneSimulator
		{5E679331-4390-45AE-AF42-8493BE1BCF42}.Debug|x64.ActiveCfg = Debug|iPhone
		{5E679331-4390-45AE-AF42-8493BE1BCF42}.Debug|x86.ActiveCfg = Debug|iPhone
		{5E679331-4390-45AE-AF42-8493BE1BCF42}.Release|Any CPU.ActiveCfg = Release|iPhone
		{5E679331-4390-45AE-AF42-8493BE1BCF42}.Release|ARM.ActiveCfg = Release|iPhone
		{5E679331-4390-45AE-AF42-8493BE1BCF42}.Release|iPhone.ActiveCfg = Release|iPhone
		{5E679331-4390-45AE-AF42-8493BE1BCF42}.Release|iPhone.Build.0 = Release|iPhone
		{5E679331-4390-45AE-AF42-8493BE1BCF42}.Release|iPhoneSimulator.ActiveCfg = Release|iPhoneSimulator
		{5E679331-4390-45AE-AF42-8493BE1BCF42}.Release|iPhoneSimulator.Build.0 = Release|iPhoneSimulator
		{5E679331-4390-45AE-AF42-8493BE1BCF42}.Release|x64.ActiveCfg = Release|iPhone
		{5E679331-4390-45AE-AF42-8493BE1BCF42}.Release|x86.ActiveCfg = Release|iPhone
		{62A10AF8-7BC7-4867-91CC-6F65DD4A1468}.Ad-Hoc|Any CPU.ActiveCfg = Release|Any CPU
		{62A10AF8-7BC7-4867-91CC-6F65DD4A1468}.Ad-Hoc|Any CPU.Build.0 = Release|Any CPU
		{62A10AF8-7BC7-4867-91CC-6F65DD4A1468}.Ad-Hoc|Any CPU.Deploy.0 = Release|Any CPU
		{62A10AF8-7BC7-4867-91CC-6F65DD4A1468}.Ad-Hoc|ARM.ActiveCfg = Release|ARM
		{62A10AF8-7BC7-4867-91CC-6F65DD4A1468}.Ad-Hoc|ARM.Build.0 = Release|ARM
		{62A10AF8-7BC7-4867-91CC-6F65DD4A1468}.Ad-Hoc|ARM.Deploy.0 = Release|ARM
		{62A10AF8-7BC7-4867-91CC-6F65DD4A1468}.Ad-Hoc|iPhone.ActiveCfg = Release|Any CPU
		{62A10AF8-7BC7-4867-91CC-6F65DD4A1468}.Ad-Hoc|iPhone.Build.0 = Release|Any CPU
		{62A10AF8-7BC7-4867-91CC-6F65DD4A1468}.Ad-Hoc|iPhone.Deploy.0 = Release|Any CPU
		{62A10AF8-7BC7-4867-91CC-6F65DD4A1468}.Ad-Hoc|iPhoneSimulator.ActiveCfg = Release|Any CPU
		{62A10AF8-7BC7-4867-91CC-6F65DD4A1468}.Ad-Hoc|iPhoneSimulator.Build.0 = Release|Any CPU
		{62A10AF8-7BC7-4867-91CC-6F65DD4A1468}.Ad-Hoc|iPhoneSimulator.Deploy.0 = Release|Any CPU
		{62A10AF8-7BC7-4867-91CC-6F65DD4A1468}.Ad-Hoc|x64.ActiveCfg = Release|Any CPU
		{62A10AF8-7BC7-4867-91CC-6F65DD4A1468}.Ad-Hoc|x64.Build.0 = Release|Any CPU
		{62A10AF8-7BC7-4867-91CC-6F65DD4A1468}.Ad-Hoc|x64.Deploy.0 = Release|Any CPU
		{62A10AF8-7BC7-4867-91CC-6F65DD4A1468}.Ad-Hoc|x86.ActiveCfg = Release|x86
		{62A10AF8-7BC7-4867-91CC-6F65DD4A1468}.Ad-Hoc|x86.Build.0 = Release|x86
		{62A10AF8-7BC7-4867-91CC-6F65DD4A1468}.Ad-Hoc|x86.Deploy.0 = Release|x86
		{62A10AF8-7BC7-4867-91CC-6F65DD4A1468}.AppStore|Any CPU.ActiveCfg = Release|Any CPU
		{62A10AF8-7BC7-4867-91CC-6F65DD4A1468}.AppStore|Any CPU.Build.0 = Release|Any CPU
		{62A10AF8-7BC7-4867-91CC-6F65DD4A1468}.AppStore|Any CPU.Deploy.0 = Release|Any CPU
		{62A10AF8-7BC7-4867-91CC-6F65DD4A1468}.AppStore|ARM.ActiveCfg = Release|ARM
		{62A10AF8-7BC7-4867-91CC-6F65DD4A1468}.AppStore|ARM.Build.0 = Release|ARM
		{62A10AF8-7BC7-4867-91CC-6F65DD4A1468}.AppStore|ARM.Deploy.0 = Release|ARM
		{62A10AF8-7BC7-4867-91CC-6F65DD4A1468}.AppStore|iPhone.ActiveCfg = Release|Any CPU
		{62A10AF8-7BC7-4867-91CC-6F65DD4A1468}.AppStore|iPhone.Build.0 = Release|Any CPU
		{62A10AF8-7BC7-4867-91CC-6F65DD4A1468}.AppStore|iPhone.Deploy.0 = Release|Any CPU
		{62A10AF8-7BC7-4867-91CC-6F65DD4A1468}.AppStore|iPhoneSimulator.ActiveCfg = Release|Any CPU
		{62A10AF8-7BC7-4867-91CC-6F65DD4A1468}.AppStore|iPhoneSimulator.Build.0 = Release|Any CPU
		{62A10AF8-7BC7-4867-91CC-6F65DD4A1468}.AppStore|iPhoneSimulator.Deploy.0 = Release|Any CPU
		{62A10AF8-7BC7-4867-91CC-6F65DD4A1468}.AppStore|x64.ActiveCfg = Release|Any CPU
		{62A10AF8-7BC7-4867-91CC-6F65DD4A1468}.AppStore|x64.Build.0 = Release|Any CPU
		{62A10AF8-7BC7-4867-91CC-6F65DD4A1468}.AppStore|x64.Deploy.0 = Release|Any CPU
		{62A10AF8-7BC7-4867-91CC-6F65DD4A1468}.AppStore|x86.ActiveCfg = Release|x86
		{62A10AF8-7BC7-4867-91CC-6F65DD4A1468}.AppStore|x86.Build.0 = Release|x86
		{62A10AF8-7BC7-4867-91CC-6F65DD4A1468}.AppStore|x86.Deploy.0 = Release|x86
		{62A10AF8-7BC7-4867-91CC-6F65DD4A1468}.Debug|Any CPU.ActiveCfg = Debug|Any CPU
		{62A10AF8-7BC7-4867-91CC-6F65DD4A1468}.Debug|Any CPU.Build.0 = Debug|Any CPU
		{62A10AF8-7BC7-4867-91CC-6F65DD4A1468}.Debug|Any CPU.Deploy.0 = Debug|Any CPU
		{62A10AF8-7BC7-4867-91CC-6F65DD4A1468}.Debug|ARM.ActiveCfg = Debug|ARM
		{62A10AF8-7BC7-4867-91CC-6F65DD4A1468}.Debug|ARM.Build.0 = Debug|ARM
		{62A10AF8-7BC7-4867-91CC-6F65DD4A1468}.Debug|ARM.Deploy.0 = Debug|ARM
		{62A10AF8-7BC7-4867-91CC-6F65DD4A1468}.Debug|iPhone.ActiveCfg = Debug|Any CPU
		{62A10AF8-7BC7-4867-91CC-6F65DD4A1468}.Debug|iPhone.Build.0 = Debug|Any CPU
		{62A10AF8-7BC7-4867-91CC-6F65DD4A1468}.Debug|iPhone.Deploy.0 = Debug|Any CPU
		{62A10AF8-7BC7-4867-91CC-6F65DD4A1468}.Debug|iPhoneSimulator.ActiveCfg = Debug|Any CPU
		{62A10AF8-7BC7-4867-91CC-6F65DD4A1468}.Debug|iPhoneSimulator.Build.0 = Debug|Any CPU
		{62A10AF8-7BC7-4867-91CC-6F65DD4A1468}.Debug|iPhoneSimulator.Deploy.0 = Debug|Any CPU
		{62A10AF8-7BC7-4867-91CC-6F65DD4A1468}.Debug|x64.ActiveCfg = Debug|Any CPU
		{62A10AF8-7BC7-4867-91CC-6F65DD4A1468}.Debug|x64.Build.0 = Debug|Any CPU
		{62A10AF8-7BC7-4867-91CC-6F65DD4A1468}.Debug|x64.Deploy.0 = Debug|Any CPU
		{62A10AF8-7BC7-4867-91CC-6F65DD4A1468}.Debug|x86.ActiveCfg = Debug|x86
		{62A10AF8-7BC7-4867-91CC-6F65DD4A1468}.Debug|x86.Build.0 = Debug|x86
		{62A10AF8-7BC7-4867-91CC-6F65DD4A1468}.Debug|x86.Deploy.0 = Debug|x86
		{62A10AF8-7BC7-4867-91CC-6F65DD4A1468}.Release|Any CPU.ActiveCfg = Release|Any CPU
		{62A10AF8-7BC7-4867-91CC-6F65DD4A1468}.Release|Any CPU.Build.0 = Release|Any CPU
		{62A10AF8-7BC7-4867-91CC-6F65DD4A1468}.Release|Any CPU.Deploy.0 = Release|Any CPU
		{62A10AF8-7BC7-4867-91CC-6F65DD4A1468}.Release|ARM.ActiveCfg = Release|ARM
		{62A10AF8-7BC7-4867-91CC-6F65DD4A1468}.Release|ARM.Build.0 = Release|ARM
		{62A10AF8-7BC7-4867-91CC-6F65DD4A1468}.Release|ARM.Deploy.0 = Release|ARM
		{62A10AF8-7BC7-4867-91CC-6F65DD4A1468}.Release|iPhone.ActiveCfg = Release|Any CPU
		{62A10AF8-7BC7-4867-91CC-6F65DD4A1468}.Release|iPhone.Build.0 = Release|Any CPU
		{62A10AF8-7BC7-4867-91CC-6F65DD4A1468}.Release|iPhone.Deploy.0 = Release|Any CPU
		{62A10AF8-7BC7-4867-91CC-6F65DD4A1468}.Release|iPhoneSimulator.ActiveCfg = Release|Any CPU
		{62A10AF8-7BC7-4867-91CC-6F65DD4A1468}.Release|iPhoneSimulator.Build.0 = Release|Any CPU
		{62A10AF8-7BC7-4867-91CC-6F65DD4A1468}.Release|iPhoneSimulator.Deploy.0 = Release|Any CPU
		{62A10AF8-7BC7-4867-91CC-6F65DD4A1468}.Release|x64.ActiveCfg = Release|Any CPU
		{62A10AF8-7BC7-4867-91CC-6F65DD4A1468}.Release|x64.Build.0 = Release|Any CPU
		{62A10AF8-7BC7-4867-91CC-6F65DD4A1468}.Release|x64.Deploy.0 = Release|Any CPU
		{62A10AF8-7BC7-4867-91CC-6F65DD4A1468}.Release|x86.ActiveCfg = Release|x86
		{62A10AF8-7BC7-4867-91CC-6F65DD4A1468}.Release|x86.Build.0 = Release|x86
		{62A10AF8-7BC7-4867-91CC-6F65DD4A1468}.Release|x86.Deploy.0 = Release|x86
		{F15B8824-0E70-4269-8A4F-3DAB4BE5F953}.Ad-Hoc|Any CPU.ActiveCfg = Release|x86
		{F15B8824-0E70-4269-8A4F-3DAB4BE5F953}.Ad-Hoc|Any CPU.Build.0 = Release|x86
		{F15B8824-0E70-4269-8A4F-3DAB4BE5F953}.Ad-Hoc|Any CPU.Deploy.0 = Release|x86
		{F15B8824-0E70-4269-8A4F-3DAB4BE5F953}.Ad-Hoc|ARM.ActiveCfg = Release|ARM
		{F15B8824-0E70-4269-8A4F-3DAB4BE5F953}.Ad-Hoc|ARM.Build.0 = Release|ARM
		{F15B8824-0E70-4269-8A4F-3DAB4BE5F953}.Ad-Hoc|ARM.Deploy.0 = Release|ARM
		{F15B8824-0E70-4269-8A4F-3DAB4BE5F953}.Ad-Hoc|iPhone.ActiveCfg = Release|x86
		{F15B8824-0E70-4269-8A4F-3DAB4BE5F953}.Ad-Hoc|iPhone.Build.0 = Release|x86
		{F15B8824-0E70-4269-8A4F-3DAB4BE5F953}.Ad-Hoc|iPhone.Deploy.0 = Release|x86
		{F15B8824-0E70-4269-8A4F-3DAB4BE5F953}.Ad-Hoc|iPhoneSimulator.ActiveCfg = Release|x86
		{F15B8824-0E70-4269-8A4F-3DAB4BE5F953}.Ad-Hoc|iPhoneSimulator.Build.0 = Release|x86
		{F15B8824-0E70-4269-8A4F-3DAB4BE5F953}.Ad-Hoc|iPhoneSimulator.Deploy.0 = Release|x86
		{F15B8824-0E70-4269-8A4F-3DAB4BE5F953}.Ad-Hoc|x64.ActiveCfg = Release|x64
		{F15B8824-0E70-4269-8A4F-3DAB4BE5F953}.Ad-Hoc|x64.Build.0 = Release|x64
		{F15B8824-0E70-4269-8A4F-3DAB4BE5F953}.Ad-Hoc|x64.Deploy.0 = Release|x64
		{F15B8824-0E70-4269-8A4F-3DAB4BE5F953}.Ad-Hoc|x86.ActiveCfg = Release|x86
		{F15B8824-0E70-4269-8A4F-3DAB4BE5F953}.Ad-Hoc|x86.Build.0 = Release|x86
		{F15B8824-0E70-4269-8A4F-3DAB4BE5F953}.Ad-Hoc|x86.Deploy.0 = Release|x86
		{F15B8824-0E70-4269-8A4F-3DAB4BE5F953}.AppStore|Any CPU.ActiveCfg = Release|x86
		{F15B8824-0E70-4269-8A4F-3DAB4BE5F953}.AppStore|Any CPU.Build.0 = Release|x86
		{F15B8824-0E70-4269-8A4F-3DAB4BE5F953}.AppStore|Any CPU.Deploy.0 = Release|x86
		{F15B8824-0E70-4269-8A4F-3DAB4BE5F953}.AppStore|ARM.ActiveCfg = Release|ARM
		{F15B8824-0E70-4269-8A4F-3DAB4BE5F953}.AppStore|ARM.Build.0 = Release|ARM
		{F15B8824-0E70-4269-8A4F-3DAB4BE5F953}.AppStore|ARM.Deploy.0 = Release|ARM
		{F15B8824-0E70-4269-8A4F-3DAB4BE5F953}.AppStore|iPhone.ActiveCfg = Release|x86
		{F15B8824-0E70-4269-8A4F-3DAB4BE5F953}.AppStore|iPhone.Build.0 = Release|x86
		{F15B8824-0E70-4269-8A4F-3DAB4BE5F953}.AppStore|iPhone.Deploy.0 = Release|x86
		{F15B8824-0E70-4269-8A4F-3DAB4BE5F953}.AppStore|iPhoneSimulator.ActiveCfg = Release|x86
		{F15B8824-0E70-4269-8A4F-3DAB4BE5F953}.AppStore|iPhoneSimulator.Build.0 = Release|x86
		{F15B8824-0E70-4269-8A4F-3DAB4BE5F953}.AppStore|iPhoneSimulator.Deploy.0 = Release|x86
		{F15B8824-0E70-4269-8A4F-3DAB4BE5F953}.AppStore|x64.ActiveCfg = Release|x64
		{F15B8824-0E70-4269-8A4F-3DAB4BE5F953}.AppStore|x64.Build.0 = Release|x64
		{F15B8824-0E70-4269-8A4F-3DAB4BE5F953}.AppStore|x64.Deploy.0 = Release|x64
		{F15B8824-0E70-4269-8A4F-3DAB4BE5F953}.AppStore|x86.ActiveCfg = Release|x86
		{F15B8824-0E70-4269-8A4F-3DAB4BE5F953}.AppStore|x86.Build.0 = Release|x86
		{F15B8824-0E70-4269-8A4F-3DAB4BE5F953}.AppStore|x86.Deploy.0 = Release|x86
		{F15B8824-0E70-4269-8A4F-3DAB4BE5F953}.Debug|Any CPU.ActiveCfg = Debug|x86
		{F15B8824-0E70-4269-8A4F-3DAB4BE5F953}.Debug|ARM.ActiveCfg = Debug|ARM
		{F15B8824-0E70-4269-8A4F-3DAB4BE5F953}.Debug|ARM.Build.0 = Debug|ARM
		{F15B8824-0E70-4269-8A4F-3DAB4BE5F953}.Debug|ARM.Deploy.0 = Debug|ARM
		{F15B8824-0E70-4269-8A4F-3DAB4BE5F953}.Debug|iPhone.ActiveCfg = Debug|x86
		{F15B8824-0E70-4269-8A4F-3DAB4BE5F953}.Debug|iPhoneSimulator.ActiveCfg = Debug|x86
		{F15B8824-0E70-4269-8A4F-3DAB4BE5F953}.Debug|x64.ActiveCfg = Debug|x64
		{F15B8824-0E70-4269-8A4F-3DAB4BE5F953}.Debug|x64.Build.0 = Debug|x64
		{F15B8824-0E70-4269-8A4F-3DAB4BE5F953}.Debug|x64.Deploy.0 = Debug|x64
		{F15B8824-0E70-4269-8A4F-3DAB4BE5F953}.Debug|x86.ActiveCfg = Debug|x86
		{F15B8824-0E70-4269-8A4F-3DAB4BE5F953}.Debug|x86.Build.0 = Debug|x86
		{F15B8824-0E70-4269-8A4F-3DAB4BE5F953}.Debug|x86.Deploy.0 = Debug|x86
		{F15B8824-0E70-4269-8A4F-3DAB4BE5F953}.Release|Any CPU.ActiveCfg = Release|x86
		{F15B8824-0E70-4269-8A4F-3DAB4BE5F953}.Release|ARM.ActiveCfg = Release|ARM
		{F15B8824-0E70-4269-8A4F-3DAB4BE5F953}.Release|ARM.Build.0 = Release|ARM
		{F15B8824-0E70-4269-8A4F-3DAB4BE5F953}.Release|ARM.Deploy.0 = Release|ARM
		{F15B8824-0E70-4269-8A4F-3DAB4BE5F953}.Release|iPhone.ActiveCfg = Release|x86
		{F15B8824-0E70-4269-8A4F-3DAB4BE5F953}.Release|iPhoneSimulator.ActiveCfg = Release|x86
		{F15B8824-0E70-4269-8A4F-3DAB4BE5F953}.Release|x64.ActiveCfg = Release|x64
		{F15B8824-0E70-4269-8A4F-3DAB4BE5F953}.Release|x64.Build.0 = Release|x64
		{F15B8824-0E70-4269-8A4F-3DAB4BE5F953}.Release|x64.Deploy.0 = Release|x64
		{F15B8824-0E70-4269-8A4F-3DAB4BE5F953}.Release|x86.ActiveCfg = Release|x86
		{F15B8824-0E70-4269-8A4F-3DAB4BE5F953}.Release|x86.Build.0 = Release|x86
		{F15B8824-0E70-4269-8A4F-3DAB4BE5F953}.Release|x86.Deploy.0 = Release|x86
		{80149236-C7B9-43DD-82FA-E3A964931749}.Ad-Hoc|Any CPU.ActiveCfg = Release|Any CPU
		{80149236-C7B9-43DD-82FA-E3A964931749}.Ad-Hoc|Any CPU.Build.0 = Release|Any CPU
		{80149236-C7B9-43DD-82FA-E3A964931749}.Ad-Hoc|Any CPU.Deploy.0 = Release|Any CPU
		{80149236-C7B9-43DD-82FA-E3A964931749}.Ad-Hoc|ARM.ActiveCfg = Release|ARM
		{80149236-C7B9-43DD-82FA-E3A964931749}.Ad-Hoc|ARM.Build.0 = Release|ARM
		{80149236-C7B9-43DD-82FA-E3A964931749}.Ad-Hoc|ARM.Deploy.0 = Release|ARM
		{80149236-C7B9-43DD-82FA-E3A964931749}.Ad-Hoc|iPhone.ActiveCfg = Release|Any CPU
		{80149236-C7B9-43DD-82FA-E3A964931749}.Ad-Hoc|iPhone.Build.0 = Release|Any CPU
		{80149236-C7B9-43DD-82FA-E3A964931749}.Ad-Hoc|iPhone.Deploy.0 = Release|Any CPU
		{80149236-C7B9-43DD-82FA-E3A964931749}.Ad-Hoc|iPhoneSimulator.ActiveCfg = Release|Any CPU
		{80149236-C7B9-43DD-82FA-E3A964931749}.Ad-Hoc|iPhoneSimulator.Build.0 = Release|Any CPU
		{80149236-C7B9-43DD-82FA-E3A964931749}.Ad-Hoc|iPhoneSimulator.Deploy.0 = Release|Any CPU
		{80149236-C7B9-43DD-82FA-E3A964931749}.Ad-Hoc|x64.ActiveCfg = Release|x64
		{80149236-C7B9-43DD-82FA-E3A964931749}.Ad-Hoc|x64.Build.0 = Release|x64
		{80149236-C7B9-43DD-82FA-E3A964931749}.Ad-Hoc|x64.Deploy.0 = Release|x64
		{80149236-C7B9-43DD-82FA-E3A964931749}.Ad-Hoc|x86.ActiveCfg = Release|x86
		{80149236-C7B9-43DD-82FA-E3A964931749}.Ad-Hoc|x86.Build.0 = Release|x86
		{80149236-C7B9-43DD-82FA-E3A964931749}.Ad-Hoc|x86.Deploy.0 = Release|x86
		{80149236-C7B9-43DD-82FA-E3A964931749}.AppStore|Any CPU.ActiveCfg = Release|Any CPU
		{80149236-C7B9-43DD-82FA-E3A964931749}.AppStore|Any CPU.Build.0 = Release|Any CPU
		{80149236-C7B9-43DD-82FA-E3A964931749}.AppStore|Any CPU.Deploy.0 = Release|Any CPU
		{80149236-C7B9-43DD-82FA-E3A964931749}.AppStore|ARM.ActiveCfg = Release|ARM
		{80149236-C7B9-43DD-82FA-E3A964931749}.AppStore|ARM.Build.0 = Release|ARM
		{80149236-C7B9-43DD-82FA-E3A964931749}.AppStore|ARM.Deploy.0 = Release|ARM
		{80149236-C7B9-43DD-82FA-E3A964931749}.AppStore|iPhone.ActiveCfg = Release|Any CPU
		{80149236-C7B9-43DD-82FA-E3A964931749}.AppStore|iPhone.Build.0 = Release|Any CPU
		{80149236-C7B9-43DD-82FA-E3A964931749}.AppStore|iPhone.Deploy.0 = Release|Any CPU
		{80149236-C7B9-43DD-82FA-E3A964931749}.AppStore|iPhoneSimulator.ActiveCfg = Release|Any CPU
		{80149236-C7B9-43DD-82FA-E3A964931749}.AppStore|iPhoneSimulator.Build.0 = Release|Any CPU
		{80149236-C7B9-43DD-82FA-E3A964931749}.AppStore|iPhoneSimulator.Deploy.0 = Release|Any CPU
		{80149236-C7B9-43DD-82FA-E3A964931749}.AppStore|x64.ActiveCfg = Release|x64
		{80149236-C7B9-43DD-82FA-E3A964931749}.AppStore|x64.Build.0 = Release|x64
		{80149236-C7B9-43DD-82FA-E3A964931749}.AppStore|x64.Deploy.0 = Release|x64
		{80149236-C7B9-43DD-82FA-E3A964931749}.AppStore|x86.ActiveCfg = Release|x86
		{80149236-C7B9-43DD-82FA-E3A964931749}.AppStore|x86.Build.0 = Release|x86
		{80149236-C7B9-43DD-82FA-E3A964931749}.AppStore|x86.Deploy.0 = Release|x86
		{80149236-C7B9-43DD-82FA-E3A964931749}.Debug|Any CPU.ActiveCfg = Debug|Any CPU
		{80149236-C7B9-43DD-82FA-E3A964931749}.Debug|Any CPU.Build.0 = Debug|Any CPU
		{80149236-C7B9-43DD-82FA-E3A964931749}.Debug|Any CPU.Deploy.0 = Debug|Any CPU
		{80149236-C7B9-43DD-82FA-E3A964931749}.Debug|ARM.ActiveCfg = Debug|ARM
		{80149236-C7B9-43DD-82FA-E3A964931749}.Debug|ARM.Build.0 = Debug|ARM
		{80149236-C7B9-43DD-82FA-E3A964931749}.Debug|ARM.Deploy.0 = Debug|ARM
		{80149236-C7B9-43DD-82FA-E3A964931749}.Debug|iPhone.ActiveCfg = Debug|Any CPU
		{80149236-C7B9-43DD-82FA-E3A964931749}.Debug|iPhone.Build.0 = Debug|Any CPU
		{80149236-C7B9-43DD-82FA-E3A964931749}.Debug|iPhone.Deploy.0 = Debug|Any CPU
		{80149236-C7B9-43DD-82FA-E3A964931749}.Debug|iPhoneSimulator.ActiveCfg = Debug|Any CPU
		{80149236-C7B9-43DD-82FA-E3A964931749}.Debug|iPhoneSimulator.Build.0 = Debug|Any CPU
		{80149236-C7B9-43DD-82FA-E3A964931749}.Debug|iPhoneSimulator.Deploy.0 = Debug|Any CPU
		{80149236-C7B9-43DD-82FA-E3A964931749}.Debug|x64.ActiveCfg = Debug|x64
		{80149236-C7B9-43DD-82FA-E3A964931749}.Debug|x64.Build.0 = Debug|x64
		{80149236-C7B9-43DD-82FA-E3A964931749}.Debug|x64.Deploy.0 = Debug|x64
		{80149236-C7B9-43DD-82FA-E3A964931749}.Debug|x86.ActiveCfg = Debug|x86
		{80149236-C7B9-43DD-82FA-E3A964931749}.Debug|x86.Build.0 = Debug|x86
		{80149236-C7B9-43DD-82FA-E3A964931749}.Debug|x86.Deploy.0 = Debug|x86
		{80149236-C7B9-43DD-82FA-E3A964931749}.Release|Any CPU.ActiveCfg = Release|Any CPU
		{80149236-C7B9-43DD-82FA-E3A964931749}.Release|Any CPU.Build.0 = Release|Any CPU
		{80149236-C7B9-43DD-82FA-E3A964931749}.Release|Any CPU.Deploy.0 = Release|Any CPU
		{80149236-C7B9-43DD-82FA-E3A964931749}.Release|ARM.ActiveCfg = Release|ARM
		{80149236-C7B9-43DD-82FA-E3A964931749}.Release|ARM.Build.0 = Release|ARM
		{80149236-C7B9-43DD-82FA-E3A964931749}.Release|ARM.Deploy.0 = Release|ARM
		{80149236-C7B9-43DD-82FA-E3A964931749}.Release|iPhone.ActiveCfg = Release|Any CPU
		{80149236-C7B9-43DD-82FA-E3A964931749}.Release|iPhone.Build.0 = Release|Any CPU
		{80149236-C7B9-43DD-82FA-E3A964931749}.Release|iPhone.Deploy.0 = Release|Any CPU
		{80149236-C7B9-43DD-82FA-E3A964931749}.Release|iPhoneSimulator.ActiveCfg = Release|Any CPU
		{80149236-C7B9-43DD-82FA-E3A964931749}.Release|iPhoneSimulator.Build.0 = Release|Any CPU
		{80149236-C7B9-43DD-82FA-E3A964931749}.Release|iPhoneSimulator.Deploy.0 = Release|Any CPU
		{80149236-C7B9-43DD-82FA-E3A964931749}.Release|x64.ActiveCfg = Release|x64
		{80149236-C7B9-43DD-82FA-E3A964931749}.Release|x64.Build.0 = Release|x64
		{80149236-C7B9-43DD-82FA-E3A964931749}.Release|x64.Deploy.0 = Release|x64
		{80149236-C7B9-43DD-82FA-E3A964931749}.Release|x86.ActiveCfg = Release|x86
		{80149236-C7B9-43DD-82FA-E3A964931749}.Release|x86.Build.0 = Release|x86
		{80149236-C7B9-43DD-82FA-E3A964931749}.Release|x86.Deploy.0 = Release|x86
		{89DA3644-183E-4C1A-8CC0-9A71E7688EA6}.Ad-Hoc|Any CPU.ActiveCfg = Release|Any CPU
		{89DA3644-183E-4C1A-8CC0-9A71E7688EA6}.Ad-Hoc|Any CPU.Build.0 = Release|Any CPU
		{89DA3644-183E-4C1A-8CC0-9A71E7688EA6}.Ad-Hoc|ARM.ActiveCfg = Release|Any CPU
		{89DA3644-183E-4C1A-8CC0-9A71E7688EA6}.Ad-Hoc|ARM.Build.0 = Release|Any CPU
		{89DA3644-183E-4C1A-8CC0-9A71E7688EA6}.Ad-Hoc|iPhone.ActiveCfg = Release|Any CPU
		{89DA3644-183E-4C1A-8CC0-9A71E7688EA6}.Ad-Hoc|iPhone.Build.0 = Release|Any CPU
		{89DA3644-183E-4C1A-8CC0-9A71E7688EA6}.Ad-Hoc|iPhoneSimulator.ActiveCfg = Release|Any CPU
		{89DA3644-183E-4C1A-8CC0-9A71E7688EA6}.Ad-Hoc|iPhoneSimulator.Build.0 = Release|Any CPU
		{89DA3644-183E-4C1A-8CC0-9A71E7688EA6}.Ad-Hoc|x64.ActiveCfg = Release|Any CPU
		{89DA3644-183E-4C1A-8CC0-9A71E7688EA6}.Ad-Hoc|x64.Build.0 = Release|Any CPU
		{89DA3644-183E-4C1A-8CC0-9A71E7688EA6}.Ad-Hoc|x86.ActiveCfg = Release|Any CPU
		{89DA3644-183E-4C1A-8CC0-9A71E7688EA6}.Ad-Hoc|x86.Build.0 = Release|Any CPU
		{89DA3644-183E-4C1A-8CC0-9A71E7688EA6}.AppStore|Any CPU.ActiveCfg = Release|Any CPU
		{89DA3644-183E-4C1A-8CC0-9A71E7688EA6}.AppStore|Any CPU.Build.0 = Release|Any CPU
		{89DA3644-183E-4C1A-8CC0-9A71E7688EA6}.AppStore|ARM.ActiveCfg = Release|Any CPU
		{89DA3644-183E-4C1A-8CC0-9A71E7688EA6}.AppStore|ARM.Build.0 = Release|Any CPU
		{89DA3644-183E-4C1A-8CC0-9A71E7688EA6}.AppStore|iPhone.ActiveCfg = Release|Any CPU
		{89DA3644-183E-4C1A-8CC0-9A71E7688EA6}.AppStore|iPhone.Build.0 = Release|Any CPU
		{89DA3644-183E-4C1A-8CC0-9A71E7688EA6}.AppStore|iPhoneSimulator.ActiveCfg = Release|Any CPU
		{89DA3644-183E-4C1A-8CC0-9A71E7688EA6}.AppStore|iPhoneSimulator.Build.0 = Release|Any CPU
		{89DA3644-183E-4C1A-8CC0-9A71E7688EA6}.AppStore|x64.ActiveCfg = Release|Any CPU
		{89DA3644-183E-4C1A-8CC0-9A71E7688EA6}.AppStore|x64.Build.0 = Release|Any CPU
		{89DA3644-183E-4C1A-8CC0-9A71E7688EA6}.AppStore|x86.ActiveCfg = Release|Any CPU
		{89DA3644-183E-4C1A-8CC0-9A71E7688EA6}.AppStore|x86.Build.0 = Release|Any CPU
		{89DA3644-183E-4C1A-8CC0-9A71E7688EA6}.Debug|Any CPU.ActiveCfg = Debug|Any CPU
		{89DA3644-183E-4C1A-8CC0-9A71E7688EA6}.Debug|Any CPU.Build.0 = Debug|Any CPU
		{89DA3644-183E-4C1A-8CC0-9A71E7688EA6}.Debug|ARM.ActiveCfg = Debug|Any CPU
		{89DA3644-183E-4C1A-8CC0-9A71E7688EA6}.Debug|ARM.Build.0 = Debug|Any CPU
		{89DA3644-183E-4C1A-8CC0-9A71E7688EA6}.Debug|iPhone.ActiveCfg = Debug|Any CPU
		{89DA3644-183E-4C1A-8CC0-9A71E7688EA6}.Debug|iPhone.Build.0 = Debug|Any CPU
		{89DA3644-183E-4C1A-8CC0-9A71E7688EA6}.Debug|iPhoneSimulator.ActiveCfg = Debug|Any CPU
		{89DA3644-183E-4C1A-8CC0-9A71E7688EA6}.Debug|iPhoneSimulator.Build.0 = Debug|Any CPU
		{89DA3644-183E-4C1A-8CC0-9A71E7688EA6}.Debug|x64.ActiveCfg = Debug|Any CPU
		{89DA3644-183E-4C1A-8CC0-9A71E7688EA6}.Debug|x64.Build.0 = Debug|Any CPU
		{89DA3644-183E-4C1A-8CC0-9A71E7688EA6}.Debug|x86.ActiveCfg = Debug|Any CPU
		{89DA3644-183E-4C1A-8CC0-9A71E7688EA6}.Debug|x86.Build.0 = Debug|Any CPU
		{89DA3644-183E-4C1A-8CC0-9A71E7688EA6}.Release|Any CPU.ActiveCfg = Release|Any CPU
		{89DA3644-183E-4C1A-8CC0-9A71E7688EA6}.Release|Any CPU.Build.0 = Release|Any CPU
		{89DA3644-183E-4C1A-8CC0-9A71E7688EA6}.Release|ARM.ActiveCfg = Release|Any CPU
		{89DA3644-183E-4C1A-8CC0-9A71E7688EA6}.Release|ARM.Build.0 = Release|Any CPU
		{89DA3644-183E-4C1A-8CC0-9A71E7688EA6}.Release|iPhone.ActiveCfg = Release|Any CPU
		{89DA3644-183E-4C1A-8CC0-9A71E7688EA6}.Release|iPhone.Build.0 = Release|Any CPU
		{89DA3644-183E-4C1A-8CC0-9A71E7688EA6}.Release|iPhoneSimulator.ActiveCfg = Release|Any CPU
		{89DA3644-183E-4C1A-8CC0-9A71E7688EA6}.Release|iPhoneSimulator.Build.0 = Release|Any CPU
		{89DA3644-183E-4C1A-8CC0-9A71E7688EA6}.Release|x64.ActiveCfg = Release|Any CPU
		{89DA3644-183E-4C1A-8CC0-9A71E7688EA6}.Release|x64.Build.0 = Release|Any CPU
		{89DA3644-183E-4C1A-8CC0-9A71E7688EA6}.Release|x86.ActiveCfg = Release|Any CPU
		{89DA3644-183E-4C1A-8CC0-9A71E7688EA6}.Release|x86.Build.0 = Release|Any CPU
	EndGlobalSection
	GlobalSection(SolutionProperties) = preSolution
		HideSolutionNode = FALSE
	EndGlobalSection
EndGlobal
